
Microsoft Visual Studio Solution File, Format Version 12.00
# Visual Studio Version 17
VisualStudioVersion = 17.12.35514.174 d17.12
MinimumVisualStudioVersion = 10.0.40219.1
Project("{8BC9CEB8-8B4A-11D0-8D11-00A0C91BC942}") = "test_spring26_section2", "test_spring26_section2.vcxproj", "{37415F68-C283-4159-A3DF-35162985197E}"
EndProject
Global
	GlobalSection(SolutionConfigurationPlatforms) = preSolution
		Debug|x64 = Debug|x64
		Debug|x86 = Debug|x86
		Release|x64 = Release|x64
		Release|x86 = Release|x86
	EndGlobalSection
	GlobalSection(ProjectConfigurationPlatforms) = postSolution
		{37415F68-C283-4159-A3DF-35162985197E}.Debug|x64.ActiveCfg = Debug|x64
		{37415F68-C283-4159-A3DF-35162985197E}.Debug|x64.Build.0 = Debug|x64
		{37415F68-C283-4159-A3DF-35162985197E}.Debug|x86.ActiveCfg = Debug|Win32
		{37415F68-C283-4159-A3DF-35162985197E}.Debug|x86.Build.0 = Debug|Win32
		{37415F68-C283-4159-A3DF-35162985197E}.Release|x64.ActiveCfg = Release|x64
		{37415F68-C283-4159-A3DF-35162985197E}.Release|x64.Build.0 = Release|x64
		{37415F68-C283-4159-A3DF-35162985197E}.Release|x86.ActiveCfg = Release|Win32
		{37415F68-C283-4159-A3DF-35162985197E}.Release|x86.Build.0 = Release|Win32
	EndGlobalSection
	GlobalSection(SolutionProperties) = preSolution
		HideSolutionNode = FALSE
	EndGlobalSection
EndGlobal
